// !$*UTF8*$!
{
	archiveVersion = 1;
	classes = {
	};
	objectVersion = 46;
	objects = {

/* Begin PBXBuildFile section */
		9A0B6B311B7BACB9000B7215 /* main.m in Sources */ = {isa = PBXBuildFile; fileRef = 9A0B6B301B7BACB9000B7215 /* main.m */; };
		9A0B6B341B7BACB9000B7215 /* AppDelegate.m in Sources */ = {isa = PBXBuildFile; fileRef = 9A0B6B331B7BACB9000B7215 /* AppDelegate.m */; };
		9A0B6B3C1B7BACB9000B7215 /* Images.xcassets in Resources */ = {isa = PBXBuildFile; fileRef = 9A0B6B3B1B7BACB9000B7215 /* Images.xcassets */; };
		9A0B6B3F1B7BACB9000B7215 /* LaunchScreen.xib in Resources */ = {isa = PBXBuildFile; fileRef = 9A0B6B3D1B7BACB9000B7215 /* LaunchScreen.xib */; };
		9A0B6B4B1B7BACB9000B7215 /* WaveAnimationViewTests.m in Sources */ = {isa = PBXBuildFile; fileRef = 9A0B6B4A1B7BACB9000B7215 /* WaveAnimationViewTests.m */; };
		9A0B6B581B7BB53C000B7215 /* WaveAnimationView.m in Sources */ = {isa = PBXBuildFile; fileRef = 9A0B6B571B7BB53C000B7215 /* WaveAnimationView.m */; };
		9A0B6B5B1B7BBF05000B7215 /* WAViewController.m in Sources */ = {isa = PBXBuildFile; fileRef = 9A0B6B5A1B7BBF05000B7215 /* WAViewController.m */; };
		9ACEA9841B7C66A4009269A9 /* WAGuideView.m in Sources */ = {isa = PBXBuildFile; fileRef = 9ACEA9831B7C66A4009269A9 /* WAGuideView.m */; };
		9ACEA9881B7C6D46009269A9 /* UIView+Layout.m in Sources */ = {isa = PBXBuildFile; fileRef = 9ACEA9871B7C6D46009269A9 /* UIView+Layout.m */; };
/* End PBXBuildFile section */

/* Begin PBXContainerItemProxy section */
		9A0B6B451B7BACB9000B7215 /* PBXContainerItemProxy */ = {
			isa = PBXContainerItemProxy;
			containerPortal = 9A0B6B231B7BACB9000B7215 /* Project object */;
			proxyType = 1;
			remoteGlobalIDString = 9A0B6B2A1B7BACB9000B7215;
			remoteInfo = WaveAnimationView;
		};
/* End PBXContainerItemProxy section */

/* Begin PBXFileReference section */
		9A0B6B2B1B7BACB9000B7215 /* WaveAnimationView.app */ = {isa = PBXFileReference; explicitFileType = wrapper.application; includeInIndex = 0; path = WaveAnimationView.app; sourceTree = BUILT_PRODUCTS_DIR; };
		9A0B6B2F1B7BACB9000B7215 /* Info.plist */ = {isa = PBXFileReference; lastKnownFileType = text.plist.xml; path = Info.plist; sourceTree = "<group>"; };
		9A0B6B301B7BACB9000B7215 /* main.m */ = {isa = PBXFileReference; lastKnownFileType = sourcecode.c.objc; path = main.m; sourceTree = "<group>"; };
		9A0B6B321B7BACB9000B7215 /* AppDelegate.h */ = {isa = PBXFileReference; lastKnownFileType = sourcecode.c.h; path = AppDelegate.h; sourceTree = "<group>"; };
		9A0B6B331B7BACB9000B7215 /* AppDelegate.m */ = {isa = PBXFileReference; lastKnownFileType = sourcecode.c.objc; path = AppDelegate.m; sourceTree = "<group>"; };
		9A0B6B3B1B7BACB9000B7215 /* Images.xcassets */ = {isa = PBXFileReference; lastKnownFileType = folder.assetcatalog; path = Images.xcassets; sourceTree = "<group>"; };
		9A0B6B3E1B7BACB9000B7215 /* Base */ = {isa = PBXFileReference; lastKnownFileType = file.xib; name = Base; path = Base.lproj/LaunchScreen.xib; sourceTree = "<group>"; };
		9A0B6B441B7BACB9000B7215 /* WaveAnimationViewTests.xctest */ = {isa = PBXFileReference; explicitFileType = wrapper.cfbundle; includeInIndex = 0; path = WaveAnimationViewTests.xctest; sourceTree = BUILT_PRODUCTS_DIR; };
		9A0B6B491B7BACB9000B7215 /* Info.plist */ = {isa = PBXFileReference; lastKnownFileType = text.plist.xml; path = Info.plist; sourceTree = "<group>"; };
		9A0B6B4A1B7BACB9000B7215 /* WaveAnimationViewTests.m */ = {isa = PBXFileReference; lastKnownFileType = sourcecode.c.objc; path = WaveAnimationViewTests.m; sourceTree = "<group>"; };
		9A0B6B561B7BB53C000B7215 /* WaveAnimationView.h */ = {isa = PBXFileReference; fileEncoding = 4; lastKnownFileType = sourcecode.c.h; path = WaveAnimationView.h; sourceTree = "<group>"; };
		9A0B6B571B7BB53C000B7215 /* WaveAnimationView.m */ = {isa = PBXFileReference; fileEncoding = 4; lastKnownFileType = sourcecode.c.objc; path = WaveAnimationView.m; sourceTree = "<group>"; };
		9A0B6B591B7BBF05000B7215 /* WAViewController.h */ = {isa = PBXFileReference; fileEncoding = 4; lastKnownFileType = sourcecode.c.h; path = WAViewController.h; sourceTree = "<group>"; };
		9A0B6B5A1B7BBF05000B7215 /* WAViewController.m */ = {isa = PBXFileReference; fileEncoding = 4; lastKnownFileType = sourcecode.c.objc; path = WAViewController.m; sourceTree = "<group>"; };
		9ACEA9821B7C66A4009269A9 /* WAGuideView.h */ = {isa = PBXFileReference; fileEncoding = 4; lastKnownFileType = sourcecode.c.h; path = WAGuideView.h; sourceTree = "<group>"; };
		9ACEA9831B7C66A4009269A9 /* WAGuideView.m */ = {isa = PBXFileReference; fileEncoding = 4; lastKnownFileType = sourcecode.c.objc; path = WAGuideView.m; sourceTree = "<group>"; };
		9ACEA9861B7C6D46009269A9 /* UIView+Layout.h */ = {isa = PBXFileReference; fileEncoding = 4; lastKnownFileType = sourcecode.c.h; path = "UIView+Layout.h"; sourceTree = "<group>"; };
		9ACEA9871B7C6D46009269A9 /* UIView+Layout.m */ = {isa = PBXFileReference; fileEncoding = 4; lastKnownFileType = sourcecode.c.objc; path = "UIView+Layout.m"; sourceTree = "<group>"; };
/* End PBXFileReference section */

/* Begin PBXFrameworksBuildPhase section */
		9A0B6B281B7BACB9000B7215 /* Frameworks */ = {
			isa = PBXFrameworksBuildPhase;
			buildActionMask = 2147483647;
			files = (
			);
			runOnlyForDeploymentPostprocessing = 0;
		};
		9A0B6B411B7BACB9000B7215 /* Frameworks */ = {
			isa = PBXFrameworksBuildPhase;
			buildActionMask = 2147483647;
			files = (
			);
			runOnlyForDeploymentPostprocessing = 0;
		};
/* End PBXFrameworksBuildPhase section */

/* Begin PBXGroup section */
		9A0B6B221B7BACB9000B7215 = {
			isa = PBXGroup;
			children = (
				9A0B6B2D1B7BACB9000B7215 /* WaveAnimationView */,
				9A0B6B471B7BACB9000B7215 /* WaveAnimationViewTests */,
				9A0B6B2C1B7BACB9000B7215 /* Products */,
			);
			sourceTree = "<group>";
		};
		9A0B6B2C1B7BACB9000B7215 /* Products */ = {
			isa = PBXGroup;
			children = (
				9A0B6B2B1B7BACB9000B7215 /* WaveAnimationView.app */,
				9A0B6B441B7BACB9000B7215 /* WaveAnimationViewTests.xctest */,
			);
			name = Products;
			sourceTree = "<group>";
		};
		9A0B6B2D1B7BACB9000B7215 /* WaveAnimationView */ = {
			isa = PBXGroup;
			children = (
				9ACEA9851B7C6D46009269A9 /* Category */,
				9A0B6B541B7BAD14000B7215 /* WaveView */,
				9A0B6B551B7BAD14000B7215 /* WaveViewDemo */,
				9A0B6B321B7BACB9000B7215 /* AppDelegate.h */,
				9A0B6B331B7BACB9000B7215 /* AppDelegate.m */,
				9A0B6B3B1B7BACB9000B7215 /* Images.xcassets */,
				9A0B6B3D1B7BACB9000B7215 /* LaunchScreen.xib */,
				9A0B6B2E1B7BACB9000B7215 /* Supporting Files */,
			);
			path = WaveAnimationView;
			sourceTree = "<group>";
		};
		9A0B6B2E1B7BACB9000B7215 /* Supporting Files */ = {
			isa = PBXGroup;
			children = (
				9A0B6B2F1B7BACB9000B7215 /* Info.plist */,
				9A0B6B301B7BACB9000B7215 /* main.m */,
			);
			name = "Supporting Files";
			sourceTree = "<group>";
		};
		9A0B6B471B7BACB9000B7215 /* WaveAnimationViewTests */ = {
			isa = PBXGroup;
			children = (
				9A0B6B4A1B7BACB9000B7215 /* WaveAnimationViewTests.m */,
				9A0B6B481B7BACB9000B7215 /* Supporting Files */,
			);
			path = WaveAnimationViewTests;
			sourceTree = "<group>";
		};
		9A0B6B481B7BACB9000B7215 /* Supporting Files */ = {
			isa = PBXGroup;
			children = (
				9A0B6B491B7BACB9000B7215 /* Info.plist */,
			);
			name = "Supporting Files";
			sourceTree = "<group>";
		};
		9A0B6B541B7BAD14000B7215 /* WaveView */ = {
			isa = PBXGroup;
			children = (
				9A0B6B561B7BB53C000B7215 /* WaveAnimationView.h */,
				9A0B6B571B7BB53C000B7215 /* WaveAnimationView.m */,
			);
			path = WaveView;
			sourceTree = SOURCE_ROOT;
		};
		9A0B6B551B7BAD14000B7215 /* WaveViewDemo */ = {
			isa = PBXGroup;
			children = (
				9A0B6B591B7BBF05000B7215 /* WAViewController.h */,
				9A0B6B5A1B7BBF05000B7215 /* WAViewController.m */,
				9ACEA9821B7C66A4009269A9 /* WAGuideView.h */,
				9ACEA9831B7C66A4009269A9 /* WAGuideView.m */,
			);
			path = WaveViewDemo;
			sourceTree = SOURCE_ROOT;
		};
		9ACEA9851B7C6D46009269A9 /* Category */ = {
			isa = PBXGroup;
			children = (
				9ACEA9861B7C6D46009269A9 /* UIView+Layout.h */,
				9ACEA9871B7C6D46009269A9 /* UIView+Layout.m */,
			);
			path = Category;
			sourceTree = SOURCE_ROOT;
		};
/* End PBXGroup section */

/* Begin PBXNativeTarget section */
		9A0B6B2A1B7BACB9000B7215 /* WaveAnimationView */ = {
			isa = PBXNativeTarget;
			buildConfigurationList = 9A0B6B4E1B7BACB9000B7215 /* Build configuration list for PBXNativeTarget "WaveAnimationView" */;
			buildPhases = (
				9A0B6B271B7BACB9000B7215 /* Sources */,
				9A0B6B281B7BACB9000B7215 /* Frameworks */,
				9A0B6B291B7BACB9000B7215 /* Resources */,
			);
			buildRules = (
			);
			dependencies = (
			);
			name = WaveAnimationView;
			productName = WaveAnimationView;
			productReference = 9A0B6B2B1B7BACB9000B7215 /* WaveAnimationView.app */;
			productType = "com.apple.product-type.application";
		};
		9A0B6B431B7BACB9000B7215 /* WaveAnimationViewTests */ = {
			isa = PBXNativeTarget;
			buildConfigurationList = 9A0B6B511B7BACB9000B7215 /* Build configuration list for PBXNativeTarget "WaveAnimationViewTests" */;
			buildPhases = (
				9A0B6B401B7BACB9000B7215 /* Sources */,
				9A0B6B411B7BACB9000B7215 /* Frameworks */,
				9A0B6B421B7BACB9000B7215 /* Resources */,
			);
			buildRules = (
			);
			dependencies = (
				9A0B6B461B7BACB9000B7215 /* PBXTargetDependency */,
			);
			name = WaveAnimationViewTests;
			productName = WaveAnimationViewTests;
			productReference = 9A0B6B441B7BACB9000B7215 /* WaveAnimationViewTests.xctest */;
			productType = "com.apple.product-type.bundle.unit-test";
		};
/* End PBXNativeTarget section */

/* Begin PBXProject section */
		9A0B6B231B7BACB9000B7215 /* Project object */ = {
			isa = PBXProject;
			attributes = {
				LastUpgradeCheck = 0640;
				ORGANIZATIONNAME = Welson;
				TargetAttributes = {
					9A0B6B2A1B7BACB9000B7215 = {
						CreatedOnToolsVersion = 6.4;
					};
					9A0B6B431B7BACB9000B7215 = {
						CreatedOnToolsVersion = 6.4;
						TestTargetID = 9A0B6B2A1B7BACB9000B7215;
					};
				};
			};
			buildConfigurationList = 9A0B6B261B7BACB9000B7215 /* Build configuration list for PBXProject "WaveAnimationView" */;
			compatibilityVersion = "Xcode 3.2";
			developmentRegion = English;
			hasScannedForEncodings = 0;
			knownRegions = (
				en,
				Base,
			);
			mainGroup = 9A0B6B221B7BACB9000B7215;
			productRefGroup = 9A0B6B2C1B7BACB9000B7215 /* Products */;
			projectDirPath = "";
			projectRoot = "";
			targets = (
				9A0B6B2A1B7BACB9000B7215 /* WaveAnimationView */,
				9A0B6B431B7BACB9000B7215 /* WaveAnimationViewTests */,
			);
		};
/* End PBXProject section */

/* Begin PBXResourcesBuildPhase section */
		9A0B6B291B7BACB9000B7215 /* Resources */ = {
			isa = PBXResourcesBuildPhase;
			buildActionMask = 2147483647;
			files = (
				9A0B6B3F1B7BACB9000B7215 /* LaunchScreen.xib in Resources */,
				9A0B6B3C1B7BACB9000B7215 /* Images.xcassets in Resources */,
			);
			runOnlyForDeploymentPostprocessing = 0;
		};
		9A0B6B421B7BACB9000B7215 /* Resources */ = {
			isa = PBXResourcesBuildPhase;
			buildActionMask = 2147483647;
			files = (
			);
			runOnlyForDeploymentPostprocessing = 0;
		};
/* End PBXResourcesBuildPhase section */

/* Begin PBXSourcesBuildPhase section */
		9A0B6B271B7BACB9000B7215 /* Sources */ = {
			isa = PBXSourcesBuildPhase;
			buildActionMask = 2147483647;
			files = (
				9A0B6B5B1B7BBF05000B7215 /* WAViewController.m in Sources */,
				9A0B6B581B7BB53C000B7215 /* WaveAnimationView.m in Sources */,
				9ACEA9881B7C6D46009269A9 /* UIView+Layout.m in Sources */,
				9ACEA9841B7C66A4009269A9 /* WAGuideView.m in Sources */,
				9A0B6B341B7BACB9000B7215 /* AppDelegate.m in Sources */,
				9A0B6B311B7BACB9000B7215 /* main.m in Sources */,
			);
			runOnlyForDeploymentPostprocessing = 0;
		};
		9A0B6B401B7BACB9000B7215 /* Sources */ = {
			isa = PBXSourcesBuildPhase;
			buildActionMask = 2147483647;
			files = (
				9A0B6B4B1B7BACB9000B7215 /* WaveAnimationViewTests.m in Sources */,
			);
			runOnlyForDeploymentPostprocessing = 0;
		};
/* End PBXSourcesBuildPhase section */

/* Begin PBXTargetDependency section */
		9A0B6B461B7BACB9000B7215 /* PBXTargetDependency */ = {
			isa = PBXTargetDependency;
			target = 9A0B6B2A1B7BACB9000B7215 /* WaveAnimationView */;
			targetProxy = 9A0B6B451B7BACB9000B7215 /* PBXContainerItemProxy */;
		};
/* End PBXTargetDependency section */

/* Begin PBXVariantGroup section */
		9A0B6B3D1B7BACB9000B7215 /* LaunchScreen.xib */ = {
			isa = PBXVariantGroup;
			children = (
				9A0B6B3E1B7BACB9000B7215 /* Base */,
			);
			name = LaunchScreen.xib;
			sourceTree = "<group>";
		};
/* End PBXVariantGroup section */

/* Begin XCBuildConfiguration section */
		9A0B6B4C1B7BACB9000B7215 /* Debug */ = {
			isa = XCBuildConfiguration;
			buildSettings = {
				ALWAYS_SEARCH_USER_PATHS = NO;
				CLANG_CXX_LANGUAGE_STANDARD = "gnu++0x";
				CLANG_CXX_LIBRARY = "libc++";
				CLANG_ENABLE_MODULES = YES;
				CLANG_ENABLE_OBJC_ARC = YES;
				CLANG_WARN_BOOL_CONVERSION = YES;
				CLANG_WARN_CONSTANT_CONVERSION = YES;
				CLANG_WARN_DIRECT_OBJC_ISA_USAGE = YES_ERROR;
				CLANG_WARN_EMPTY_BODY = YES;
				CLANG_WARN_ENUM_CONVERSION = YES;
				CLANG_WARN_INT_CONVERSION = YES;
				CLANG_WARN_OBJC_ROOT_CLASS = YES_ERROR;
				CLANG_WARN_UNREACHABLE_CODE = YES;
				CLANG_WARN__DUPLICATE_METHOD_MATCH = YES;
				"CODE_SIGN_IDENTITY[sdk=iphoneos*]" = "iPhone Developer";
				COPY_PHASE_STRIP = NO;
				DEBUG_INFORMATION_FORMAT = "dwarf-with-dsym";
				ENABLE_STRICT_OBJC_MSGSEND = YES;
				GCC_C_LANGUAGE_STANDARD = gnu99;
				GCC_DYNAMIC_NO_PIC = NO;
				GCC_NO_COMMON_BLOCKS = YES;
				GCC_OPTIMIZATION_LEVEL = 0;
				GCC_PREPROCESSOR_DEFINITIONS = (
					"DEBUG=1",
					"$(inherited)",
				);
				GCC_SYMBOLS_PRIVATE_EXTERN = NO;
				GCC_WARN_64_TO_32_BIT_CONVERSION = YES;
				GCC_WARN_ABOUT_RETURN_TYPE = YES_ERROR;
				GCC_WARN_UNDECLARED_SELECTOR = YES;
				GCC_WARN_UNINITIALIZED_AUTOS = YES_AGGRESSIVE;
				GCC_WARN_UNUSED_FUNCTION = YES;
				GCC_WARN_UNUSED_VARIABLE = YES;
				IPHONEOS_DEPLOYMENT_TARGET = 8.4;
				MTL_ENABLE_DEBUG_INFO = YES;
				ONLY_ACTIVE_ARCH = YES;
				SDKROOT = iphoneos;
			};
			name = Debug;
		};
		9A0B6B4D1B7BACB9000B7215 /* Release */ = {
			isa = XCBuildConfiguration;
			buildSettings = {
				ALWAYS_SEARCH_USER_PATHS = NO;
				CLANG_CXX_LANGUAGE_STANDARD = "gnu++0x";
				CLANG_CXX_LIBRARY = "libc++";
				CLANG_ENABLE_MODULES = YES;
				CLANG_ENABLE_OBJC_ARC = YES;
				CLANG_WARN_BOOL_CONVERSION = YES;
				CLANG_WARN_CONSTANT_CONVERSION = YES;
				CLANG_WARN_DIRECT_OBJC_ISA_USAGE = YES_ERROR;
				CLANG_WARN_EMPTY_BODY = YES;
				CLANG_WARN_ENUM_CONVERSION = YES;
				CLANG_WARN_INT_CONVERSION = YES;
				CLANG_WARN_OBJC_ROOT_CLASS = YES_ERROR;
				CLANG_WARN_UNREACHABLE_CODE = YES;
				CLANG_WARN__DUPLICATE_METHOD_MATCH = YES;
				"CODE_SIGN_IDENTITY[sdk=iphoneos*]" = "iPhone Developer";
				COPY_PHASE_STRIP = NO;
				DEBUG_INFORMATION_FORMAT = "dwarf-with-dsym";
				ENABLE_NS_ASSERTIONS = NO;
				ENABLE_STRICT_OBJC_MSGSEND = YES;
				GCC_C_LANGUAGE_STANDARD = gnu99;
				GCC_NO_COMMON_BLOCKS = YES;
				GCC_WARN_64_TO_32_BIT_CONVERSION = YES;
				GCC_WARN_ABOUT_RETURN_TYPE = YES_ERROR;
				GCC_WARN_UNDECLARED_SELECTOR = YES;
				GCC_WARN_UNINITIALIZED_AUTOS = YES_AGGRESSIVE;
				GCC_WARN_UNUSED_FUNCTION = YES;
				GCC_WARN_UNUSED_VARIABLE = YES;
				IPHONEOS_DEPLOYMENT_TARGET = 8.4;
				MTL_ENABLE_DEBUG_INFO = NO;
				SDKROOT = iphoneos;
				VALIDATE_PRODUCT = YES;
			};
			name = Release;
		};
		9A0B6B4F1B7BACB9000B7215 /* Debug */ = {
			isa = XCBuildConfiguration;
			buildSettings = {
				ASSETCATALOG_COMPILER_APPICON_NAME = AppIcon;
				INFOPLIST_FILE = WaveAnimationView/Info.plist;
				LD_RUNPATH_SEARCH_PATHS = "$(inherited) @executable_path/Frameworks";
				PRODUCT_NAME = "$(TARGET_NAME)";
			};
			name = Debug;
		};
		9A0B6B501B7BACB9000B7215 /* Release */ = {
			isa = XCBuildConfiguration;
			buildSettings = {
				ASSETCATALOG_COMPILER_APPICON_NAME = AppIcon;
				INFOPLIST_FILE = WaveAnimationView/Info.plist;
				LD_RUNPATH_SEARCH_PATHS = "$(inherited) @executable_path/Frameworks";
				PRODUCT_NAME = "$(TARGET_NAME)";
			};
			name = Release;
		};
		9A0B6B521B7BACB9000B7215 /* Debug */ = {
			isa = XCBuildConfiguration;
			buildSettings = {
				BUNDLE_LOADER = "$(TEST_HOST)";
				FRAMEWORK_SEARCH_PATHS = (
					"$(SDKROOT)/Developer/Library/Frameworks",
					"$(inherited)",
				);
				GCC_PREPROCESSOR_DEFINITIONS = (
					"DEBUG=1",
					"$(inherited)",
				);
				INFOPLIST_FILE = WaveAnimationViewTests/Info.plist;
				LD_RUNPATH_SEARCH_PATHS = "$(inherited) @executable_path/Frameworks @loader_path/Frameworks";
				PRODUCT_NAME = "$(TARGET_NAME)";
				TEST_HOST = "$(BUILT_PRODUCTS_DIR)/WaveAnimationView.app/WaveAnimationView";
			};
			name = Debug;
		};
		9A0B6B531B7BACB9000B7215 /* Release */ = {
			isa = XCBuildConfiguration;
			buildSettings = {
				BUNDLE_LOADER = "$(TEST_HOST)";
				FRAMEWORK_SEARCH_PATHS = (
					"$(SDKROOT)/Developer/Library/Frameworks",
					"$(inherited)",
				);
				INFOPLIST_FILE = WaveAnimationViewTests/Info.plist;
				LD_RUNPATH_SEARCH_PATHS = "$(inherited) @executable_path/Frameworks @loader_path/Frameworks";
				PRODUCT_NAME = "$(TARGET_NAME)";
				TEST_HOST = "$(BUILT_PRODUCTS_DIR)/WaveAnimationView.app/WaveAnimationView";
			};
			name = Release;
		};
/* End XCBuildConfiguration section */

/* Begin XCConfigurationList section */
		9A0B6B261B7BACB9000B7215 /* Build configuration list for PBXProject "WaveAnimationView" */ = {
			isa = XCConfigurationList;
			buildConfigurations = (
				9A0B6B4C1B7BACB9000B7215 /* Debug */,
				9A0B6B4D1B7BACB9000B7215 /* Release */,
			);
			defaultConfigurationIsVisible = 0;
			defaultConfigurationName = Release;
		};
		9A0B6B4E1B7BACB9000B7215 /* Build configuration list for PBXNativeTarget "WaveAnimationView" */ = {
			isa = XCConfigurationList;
			buildConfigurations = (
				9A0B6B4F1B7BACB9000B7215 /* Debug */,
				9A0B6B501B7BACB9000B7215 /* Release */,
			);
			defaultConfigurationIsVisible = 0;
			defaultConfigurationName = Release;
		};
		9A0B6B511B7BACB9000B7215 /* Build configuration list for PBXNativeTarget "WaveAnimationViewTests" */ = {
			isa = XCConfigurationList;
			buildConfigurations = (
				9A0B6B521B7BACB9000B7215 /* Debug */,
				9A0B6B531B7BACB9000B7215 /* Release */,
			);
			defaultConfigurationIsVisible = 0;
			defaultConfigurationName = Release;
		};
/* End XCConfigurationList section */
	};
	rootObject = 9A0B6B231B7BACB9000B7215 /* Project object */;
}
